GEM
  remote: https://rubygems.org/
  specs:
    base64 (0.3.0)
    headless (2.1.0)
    logger (1.7.0)
    rexml (3.4.4)
    rubyzip (3.4.0)
    selenium-webdriver (4.49.0)
      base64 (~> 0.2)
      logger (~> 1.4)
      rexml (~> 3.2, >= 3.2.5)
      rubyzip (>= 1.2.2, < 4.0)
      websocket (~> 1.0)
    websocket (1.2.2)

PLATFORMS
  ruby

DEPENDENCIES
  headless (>= 2.1.0)
  selenium-webdriver (>= 2.45.0)
